<?xml version="1.0" encoding="utf-8"?>
<Project ToolsVersion="4.0" xmlns="http://schemas.microsoft.com/developer/msbuild/2003">
  <ItemGroup>
    <Filter Include="リソース ファイル">
      <UniqueIdentifier>{67DA6AB6-F800-4c08-8B7A-83BB121AAD01}</UniqueIdentifier>
      <Extensions>rc;ico;cur;bmp;dlg;rc2;rct;bin;rgs;gif;jpg;jpeg;jpe;resx;tiff;tif;png;wav;mfcribbon-ms</Extensions>
    </Filter>
    <Filter Include="ベース">
      <UniqueIdentifier>{fb0b6500-7b99-4368-9ec9-2397a126baa4}</UniqueIdentifier>
    </Filter>
  </ItemGroup>
  <ItemGroup>
    <ClInclude Include="Resource.h">
      <Filter>リソース ファイル</Filter>
    </ClInclude>
    <ClInclude Include="AtlivuOutput.h" />
    <ClInclude Include="MainFrame.h" />
    <ClInclude Include="targetver.h">
      <Filter>ベース</Filter>
    </ClInclude>
    <ClInclude Include="pch.h">
      <Filter>ベース</Filter>
    </ClInclude>
    <ClInclude Include="framework.h">
      <Filter>ベース</Filter>
    </ClInclude>
    <ClInclude Include="OutputManager.h" />
  </ItemGroup>
  <ItemGroup>
    <ClCompile Include="MainFrame.cpp" />
    <ClCompile Include="AtlivuOutput.cpp" />
    <ClCompile Include="pch.cpp">
      <Filter>ベース</Filter>
    </ClCompile>
    <ClCompile Include="OutputManager.cpp" />
  </ItemGroup>
  <ItemGroup>
    <ResourceCompile Include="AtlivuOutput.rc">
      <Filter>リソース ファイル</Filter>
    </ResourceCompile>
  </ItemGroup>
  <ItemGroup>
    <None Include="res\AtlivuOutput.rc2">
      <Filter>リソース ファイル</Filter>
    </None>
  </ItemGroup>
  <ItemGroup>
    <Image Include="res\AtlivuOutput.ico">
      <Filter>リソース ファイル</Filter>
    </Image>
  </ItemGroup>
</Project>